// !$*UTF8*$!
{
	archiveVersion = 1;
	classes = {
	};
	objectVersion = 55;
	objects = {

/* Begin PBXBuildFile section */
		1008EE9927E910F400F4B678 /* AppDelegate.swift in Sources */ = {isa = PBXBuildFile; fileRef = 1008EE9827E910F400F4B678 /* AppDelegate.swift */; };
		1008EE9B27E910F400F4B678 /* SceneDelegate.swift in Sources */ = {isa = PBXBuildFile; fileRef = 1008EE9A27E910F400F4B678 /* SceneDelegate.swift */; };
		1008EE9D27E910F400F4B678 /* TodoListViewController.swift in Sources */ = {isa = PBXBuildFile; fileRef = 1008EE9C27E910F400F4B678 /* TodoListViewController.swift */; };
		1008EEA027E910F400F4B678 /* Main.storyboard in Resources */ = {isa = PBXBuildFile; fileRef = 1008EE9E27E910F400F4B678 /* Main.storyboard */; };
		1008EEA227E910F600F4B678 /* Assets.xcassets in Resources */ = {isa = PBXBuildFile; fileRef = 1008EEA127E910F600F4B678 /* Assets.xcassets */; };
		1008EEA527E910F600F4B678 /* LaunchScreen.storyboard in Resources */ = {isa = PBXBuildFile; fileRef = 1008EEA327E910F600F4B678 /* LaunchScreen.storyboard */; };
		1008EEB227E911C900F4B678 /* Item.swift in Sources */ = {isa = PBXBuildFile; fileRef = 1008EEB127E911C900F4B678 /* Item.swift */; };
/* End PBXBuildFile section */

/* Begin PBXFileReference section */
		1008EE9527E910F400F4B678 /* MyToDOList.app */ = {isa = PBXFileReference; explicitFileType = wrapper.application; includeInIndex = 0; path = MyToDOList.app; sourceTree = BUILT_PRODUCTS_DIR; };
		1008EE9827E910F400F4B678 /* AppDelegate.swift */ = {isa = PBXFileReference; lastKnownFileType = sourcecode.swift; path = AppDelegate.swift; sourceTree = "<group>"; };
		1008EE9A27E910F400F4B678 /* SceneDelegate.swift */ = {isa = PBXFileReference; lastKnownFileType = sourcecode.swift; path = SceneDelegate.swift; sourceTree = "<group>"; };
		1008EE9C27E910F400F4B678 /* TodoListViewController.swift */ = {isa = PBXFileReference; lastKnownFileType = sourcecode.swift; path = TodoListViewController.swift; sourceTree = "<group>"; };
		1008EE9F27E910F400F4B678 /* Base */ = {isa = PBXFileReference; lastKnownFileType = file.storyboard; name = Base; path = Base.lproj/Main.storyboard; sourceTree = "<group>"; };
		1008EEA127E910F600F4B678 /* Assets.xcassets */ = {isa = PBXFileReference; lastKnownFileType = folder.assetcatalog; path = Assets.xcassets; sourceTree = "<group>"; };
		1008EEA427E910F600F4B678 /* Base */ = {isa = PBXFileReference; lastKnownFileType = file.storyboard; name = Base; path = Base.lproj/LaunchScreen.storyboard; sourceTree = "<group>"; };
		1008EEA627E910F600F4B678 /* Info.plist */ = {isa = PBXFileReference; lastKnownFileType = text.plist.xml; path = Info.plist; sourceTree = "<group>"; };
		1008EEB127E911C900F4B678 /* Item.swift */ = {isa = PBXFileReference; lastKnownFileType = sourcecode.swift; path = Item.swift; sourceTree = "<group>"; };
/* End PBXFileReference section */

/* Begin PBXFrameworksBuildPhase section */
		1008EE9227E910F400F4B678 /* Frameworks */ = {
			isa = PBXFrameworksBuildPhase;
			buildActionMask = 2147483647;
			files = (
			);
			runOnlyForDeploymentPostprocessing = 0;
		};
/* End PBXFrameworksBuildPhase section */

/* Begin PBXGroup section */
		1008EE8C27E910F400F4B678 = {
			isa = PBXGroup;
			children = (
				1008EE9727E910F400F4B678 /* MyToDOList */,
				1008EE9627E910F400F4B678 /* Products */,
			);
			sourceTree = "<group>";
		};
		1008EE9627E910F400F4B678 /* Products */ = {
			isa = PBXGroup;
			children = (
				1008EE9527E910F400F4B678 /* MyToDOList.app */,
			);
			name = Products;
			sourceTree = "<group>";
		};
		1008EE9727E910F400F4B678 /* MyToDOList */ = {
			isa = PBXGroup;
			children = (
				1008EE9827E910F400F4B678 /* AppDelegate.swift */,
				1008EE9A27E910F400F4B678 /* SceneDelegate.swift */,
				1008EEAE27E9116E00F4B678 /* Controllers */,
				1008EEB327E911D200F4B678 /* Data Model */,
				1008EEAF27E9119B00F4B678 /* Views */,
				1008EEB027E911AD00F4B678 /* Supporting Files */,
				1008EEA627E910F600F4B678 /* Info.plist */,
			);
			path = MyToDOList;
			sourceTree = "<group>";
		};
		1008EEAE27E9116E00F4B678 /* Controllers */ = {
			isa = PBXGroup;
			children = (
				1008EE9C27E910F400F4B678 /* TodoListViewController.swift */,
			);
			path = Controllers;
			sourceTree = "<group>";
		};
		1008EEAF27E9119B00F4B678 /* Views */ = {
			isa = PBXGroup;
			children = (
				1008EE9E27E910F400F4B678 /* Main.storyboard */,
			);
			path = Views;
			sourceTree = "<group>";
		};
		1008EEB027E911AD00F4B678 /* Supporting Files */ = {
			isa = PBXGroup;
			children = (
				1008EEA127E910F600F4B678 /* Assets.xcassets */,
				1008EEA327E910F600F4B678 /* LaunchScreen.storyboard */,
			);
			path = "Supporting Files";
			sourceTree = "<group>";
		};
		1008EEB327E911D200F4B678 /* Data Model */ = {
			isa = PBXGroup;
			children = (
				1008EEB127E911C900F4B678 /* Item.swift */,
			);
			path = "Data Model";
			sourceTree = "<group>";
		};
/* End PBXGroup section */

/* Begin PBXNativeTarget section */
		1008EE9427E910F400F4B678 /* MyToDOList */ = {
			isa = PBXNativeTarget;
			buildConfigurationList = 1008EEA927E910F600F4B678 /* Build configuration list for PBXNativeTarget "MyToDOList" */;
			buildPhases = (
				1008EE9127E910F400F4B678 /* Sources */,
				1008EE9227E910F400F4B678 /* Frameworks */,
				1008EE9327E910F400F4B678 /* Resources */,
			);
			buildRules = (
			);
			dependencies = (
			);
			name = MyToDOList;
			productName = MyToDOList;
			productReference = 1008EE9527E910F400F4B678 /* MyToDOList.app */;
			productType = "com.apple.product-type.application";
		};
/* End PBXNativeTarget section */

/* Begin PBXProject section */
		1008EE8D27E910F400F4B678 /* Project object */ = {
			isa = PBXProject;
			attributes = {
				BuildIndependentTargetsInParallel = 1;
				LastSwiftUpdateCheck = 1330;
				LastUpgradeCheck = 1330;
				TargetAttributes = {
					1008EE9427E910F400F4B678 = {
						CreatedOnToolsVersion = 13.3;
					};
				};
			};
			buildConfigurationList = 1008EE9027E910F400F4B678 /* Build configuration list for PBXProject "MyToDOList" */;
			compatibilityVersion = "Xcode 13.0";
			developmentRegion = en;
			hasScannedForEncodings = 0;
			knownRegions = (
				en,
				Base,
			);
			mainGroup = 1008EE8C27E910F400F4B678;
			productRefGroup = 1008EE9627E910F400F4B678 /* Products */;
			projectDirPath = "";
			projectRoot = "";
			targets = (
				1008EE9427E910F400F4B678 /* MyToDOList */,
			);
		};
/* End PBXProject section */

/* Begin PBXResourcesBuildPhase section */
		1008EE9327E910F400F4B678 /* Resources */ = {
			isa = PBXResourcesBuildPhase;
			buildActionMask = 2147483647;
			files = (
				1008EEA527E910F600F4B678 /* LaunchScreen.storyboard in Resources */,
				1008EEA227E910F600F4B678 /* Assets.xcassets in Resources */,
				1008EEA027E910F400F4B678 /* Main.storyboard in Resources */,
			);
			runOnlyForDeploymentPostprocessing = 0;
		};
/* End PBXResourcesBuildPhase section */

/* Begin PBXSourcesBuildPhase section */
		1008EE9127E910F400F4B678 /* Sources */ = {
			isa = PBXSourcesBuildPhase;
			buildActionMask = 2147483647;
			files = (
				1008EEB227E911C900F4B678 /* Item.swift in Sources */,
				1008EE9D27E910F400F4B678 /* TodoListViewController.swift in Sources */,
				1008EE9927E910F400F4B678 /* AppDelegate.swift in Sources */,
				1008EE9B27E910F400F4B678 /* SceneDelegate.swift in Sources */,
			);
			runOnlyForDeploymentPostprocessing = 0;
		};
/* End PBXSourcesBuildPhase section */

/* Begin PBXVariantGroup section */
		1008EE9E27E910F400F4B678 /* Main.storyboard */ = {
			isa = PBXVariantGroup;
			children = (
				1008EE9F27E910F400F4B678 /* Base */,
			);
			name = Main.storyboard;
			sourceTree = "<group>";
		};
		1008EEA327E910F600F4B678 /* LaunchScreen.storyboard */ = {
			isa = PBXVariantGroup;
			children = (
				1008EEA427E910F600F4B678 /* Base */,
			);
			name = LaunchScreen.storyboard;
			sourceTree = "<group>";
		};
/* End PBXVariantGroup section */

/* Begin XCBuildConfiguration section */
		1008EEA727E910F600F4B678 /* Debug */ = {
			isa = XCBuildConfiguration;
			buildSettings = {
				ALWAYS_SEARCH_USER_PATHS = NO;
				CLANG_ANALYZER_NONNULL = YES;
				CLANG_ANALYZER_NUMBER_OBJECT_CONVERSION = YES_AGGRESSIVE;
				CLANG_CXX_LANGUAGE_STANDARD = "gnu++17";
				CLANG_ENABLE_MODULES = YES;
				CLANG_ENABLE_OBJC_ARC = YES;
				CLANG_ENABLE_OBJC_WEAK = YES;
				CLANG_WARN_BLOCK_CAPTURE_AUTORELEASING = YES;
				CLANG_WARN_BOOL_CONVERSION = YES;
				CLANG_WARN_COMMA = YES;
				CLANG_WARN_CONSTANT_CONVERSION = YES;
				CLANG_WARN_DEPRECATED_OBJC_IMPLEMENTATIONS = YES;
				CLANG_WARN_DIRECT_OBJC_ISA_USAGE = YES_ERROR;
				CLANG_WARN_DOCUMENTATION_COMMENTS = YES;
				CLANG_WARN_EMPTY_BODY = YES;
				CLANG_WARN_ENUM_CONVERSION = YES;
				CLANG_WARN_INFINITE_RECURSION = YES;
				CLANG_WARN_INT_CONVERSION = YES;
				CLANG_WARN_NON_LITERAL_NULL_CONVERSION = YES;
				CLANG_WARN_OBJC_IMPLICIT_RETAIN_SELF = YES;
				CLANG_WARN_OBJC_LITERAL_CONVERSION = YES;
				CLANG_WARN_OBJC_ROOT_CLASS = YES_ERROR;
				CLANG_WARN_QUOTED_INCLUDE_IN_FRAMEWORK_HEADER = YES;
				CLANG_WARN_RANGE_LOOP_ANALYSIS = YES;
				CLANG_WARN_STRICT_PROTOTYPES = YES;
				CLANG_WARN_SUSPICIOUS_MOVE = YES;
				CLANG_WARN_UNGUARDED_AVAILABILITY = YES_AGGRESSIVE;
				CLANG_WARN_UNREACHABLE_CODE = YES;
				CLANG_WARN__DUPLICATE_METHOD_MATCH = YES;
				COPY_PHASE_STRIP = NO;
				DEBUG_INFORMATION_FORMAT = dwarf;
				ENABLE_STRICT_OBJC_MSGSEND = YES;
				ENABLE_TESTABILITY = YES;
				GCC_C_LANGUAGE_STANDARD = gnu11;
				GCC_DYNAMIC_NO_PIC = NO;
				GCC_NO_COMMON_BLOCKS = YES;
				GCC_OPTIMIZATION_LEVEL = 0;
				GCC_PREPROCESSOR_DEFINITIONS = (
					"DEBUG=1",
					"$(inherited)",
				);
				GCC_WARN_64_TO_32_BIT_CONVERSION = YES;
				GCC_WARN_ABOUT_RETURN_TYPE = YES_ERROR;
				GCC_WARN_UNDECLARED_SELECTOR = YES;
				GCC_WARN_UNINITIALIZED_AUTOS = YES_AGGRESSIVE;
				GCC_WARN_UNUSED_FUNCTION = YES;
				GCC_WARN_UNUSED_VARIABLE = YES;
				IPHONEOS_DEPLOYMENT_TARGET = 15.4;
				MTL_ENABLE_DEBUG_INFO = INCLUDE_SOURCE;
				MTL_FAST_MATH = YES;
				ONLY_ACTIVE_ARCH = YES;
				SDKROOT = iphoneos;
				SWIFT_ACTIVE_COMPILATION_CONDITIONS = DEBUG;
				SWIFT_OPTIMIZATION_LEVEL = "-Onone";
			};
			name = Debug;
		};
		1008EEA827E910F600F4B678 /* Release */ = {
			isa = XCBuildConfiguration;
			buildSettings = {
				ALWAYS_SEARCH_USER_PATHS = NO;
				CLANG_ANALYZER_NONNULL = YES;
				CLANG_ANALYZER_NUMBER_OBJECT_CONVERSION = YES_AGGRESSIVE;
				CLANG_CXX_LANGUAGE_STANDARD = "gnu++17";
				CLANG_ENABLE_MODULES = YES;
				CLANG_ENABLE_OBJC_ARC = YES;
				CLANG_ENABLE_OBJC_WEAK = YES;
				CLANG_WARN_BLOCK_CAPTURE_AUTORELEASING = YES;
				CLANG_WARN_BOOL_CONVERSION = YES;
				CLANG_WARN_COMMA = YES;
				CLANG_WARN_CONSTANT_CONVERSION = YES;
				CLANG_WARN_DEPRECATED_OBJC_IMPLEMENTATIONS = YES;
				CLANG_WARN_DIRECT_OBJC_ISA_USAGE = YES_ERROR;
				CLANG_WARN_DOCUMENTATION_COMMENTS = YES;
				CLANG_WARN_EMPTY_BODY = YES;
				CLANG_WARN_ENUM_CONVERSION = YES;
				CLANG_WARN_INFINITE_RECURSION = YES;
				CLANG_WARN_INT_CONVERSION = YES;
				CLANG_WARN_NON_LITERAL_NULL_CONVERSION = YES;
				CLANG_WARN_OBJC_IMPLICIT_RETAIN_SELF = YES;
				CLANG_WARN_OBJC_LITERAL_CONVERSION = YES;
				CLANG_WARN_OBJC_ROOT_CLASS = YES_ERROR;
				CLANG_WARN_QUOTED_INCLUDE_IN_FRAMEWORK_HEADER = YES;
				CLANG_WARN_RANGE_LOOP_ANALYSIS = YES;
				CLANG_WARN_STRICT_PROTOTYPES = YES;
				CLANG_WARN_SUSPICIOUS_MOVE = YES;
				CLANG_WARN_UNGUARDED_AVAILABILITY = YES_AGGRESSIVE;
				CLANG_WARN_UNREACHABLE_CODE = YES;
				CLANG_WARN__DUPLICATE_METHOD_MATCH = YES;
				COPY_PHASE_STRIP = NO;
				DEBUG_INFORMATION_FORMAT = "dwarf-with-dsym";
				ENABLE_NS_ASSERTIONS = NO;
				ENABLE_STRICT_OBJC_MSGSEND = YES;
				GCC_C_LANGUAGE_STANDARD = gnu11;
				GCC_NO_COMMON_BLOCKS = YES;
				GCC_WARN_64_TO_32_BIT_CONVERSION = YES;
				GCC_WARN_ABOUT_RETURN_TYPE = YES_ERROR;
				GCC_WARN_UNDECLARED_SELECTOR = YES;
				GCC_WARN_UNINITIALIZED_AUTOS = YES_AGGRESSIVE;
				GCC_WARN_UNUSED_FUNCTION = YES;
				GCC_WARN_UNUSED_VARIABLE = YES;
				IPHONEOS_DEPLOYMENT_TARGET = 15.4;
				MTL_ENABLE_DEBUG_INFO = NO;
				MTL_FAST_MATH = YES;
				SDKROOT = iphoneos;
				SWIFT_COMPILATION_MODE = wholemodule;
				SWIFT_OPTIMIZATION_LEVEL = "-O";
				VALIDATE_PRODUCT = YES;
			};
			name = Release;
		};
		1008EEAA27E910F600F4B678 /* Debug */ = {
			isa = XCBuildConfiguration;
			buildSettings = {
				ASSETCATALOG_COMPILER_APPICON_NAME = AppIcon;
				ASSETCATALOG_COMPILER_GLOBAL_ACCENT_COLOR_NAME = AccentColor;
				CODE_SIGN_STYLE = Automatic;
				CURRENT_PROJECT_VERSION = 1;
				DEVELOPMENT_TEAM = 4MD5T682WB;
				GENERATE_INFOPLIST_FILE = YES;
				INFOPLIST_FILE = MyToDOList/Info.plist;
				INFOPLIST_KEY_UIApplicationSupportsIndirectInputEvents = YES;
				INFOPLIST_KEY_UILaunchStoryboardName = LaunchScreen;
				INFOPLIST_KEY_UIMainStoryboardFile = Main;
				INFOPLIST_KEY_UISupportedInterfaceOrientations_iPad = "UIInterfaceOrientationPortrait UIInterfaceOrientationPortraitUpsideDown UIInterfaceOrientationLandscapeLeft UIInterfaceOrientationLandscapeRight";
				INFOPLIST_KEY_UISupportedInterfaceOrientations_iPhone = "UIInterfaceOrientationPortrait UIInterfaceOrientationLandscapeLeft UIInterfaceOrientationLandscapeRight";
				LD_RUNPATH_SEARCH_PATHS = (
					"$(inherited)",
					"@executable_path/Frameworks",
				);
				MARKETING_VERSION = 1.0;
				PRODUCT_BUNDLE_IDENTIFIER = pl.rgkonsulting.MyToDOList;
				PRODUCT_NAME = "$(TARGET_NAME)";
				SWIFT_EMIT_LOC_STRINGS = YES;
				SWIFT_VERSION = 5.0;
				TARGETED_DEVICE_FAMILY = "1,2";
			};
			name = Debug;
		};
		1008EEAB27E910F600F4B678 /* Release */ = {
			isa = XCBuildConfiguration;
			buildSettings = {
				ASSETCATALOG_COMPILER_APPICON_NAME = AppIcon;
				ASSETCATALOG_COMPILER_GLOBAL_ACCENT_COLOR_NAME = AccentColor;
				CODE_SIGN_STYLE = Automatic;
				CURRENT_PROJECT_VERSION = 1;
				DEVELOPMENT_TEAM = 4MD5T682WB;
				GENERATE_INFOPLIST_FILE = YES;
				INFOPLIST_FILE = MyToDOList/Info.plist;
				INFOPLIST_KEY_UIApplicationSupportsIndirectInputEvents = YES;
				INFOPLIST_KEY_UILaunchStoryboardName = LaunchScreen;
				INFOPLIST_KEY_UIMainStoryboardFile = Main;
				INFOPLIST_KEY_UISupportedInterfaceOrientations_iPad = "UIInterfaceOrientationPortrait UIInterfaceOrientationPortraitUpsideDown UIInterfaceOrientationLandscapeLeft UIInterfaceOrientationLandscapeRight";
				INFOPLIST_KEY_UISupportedInterfaceOrientations_iPhone = "UIInterfaceOrientationPortrait UIInterfaceOrientationLandscapeLeft UIInterfaceOrientationLandscapeRight";
				LD_RUNPATH_SEARCH_PATHS = (
					"$(inherited)",
					"@executable_path/Frameworks",
				);
				MARKETING_VERSION = 1.0;
				PRODUCT_BUNDLE_IDENTIFIER = pl.rgkonsulting.MyToDOList;
				PRODUCT_NAME = "$(TARGET_NAME)";
				SWIFT_EMIT_LOC_STRINGS = YES;
				SWIFT_VERSION = 5.0;
				TARGETED_DEVICE_FAMILY = "1,2";
			};
			name = Release;
		};
/* End XCBuildConfiguration section */

/* Begin XCConfigurationList section */
		1008EE9027E910F400F4B678 /* Build configuration list for PBXProject "MyToDOList" */ = {
			isa = XCConfigurationList;
			buildConfigurations = (
				1008EEA727E910F600F4B678 /* Debug */,
				1008EEA827E910F600F4B678 /* Release */,
			);
			defaultConfigurationIsVisible = 0;
			defaultConfigurationName = Release;
		};
		1008EEA927E910F600F4B678 /* Build configuration list for PBXNativeTarget "MyToDOList" */ = {
			isa = XCConfigurationList;
			buildConfigurations = (
				1008EEAA27E910F600F4B678 /* Debug */,
				1008EEAB27E910F600F4B678 /* Release */,
			);
			defaultConfigurationIsVisible = 0;
			defaultConfigurationName = Release;
		};
/* End XCConfigurationList section */
	};
	rootObject = 1008EE8D27E910F400F4B678 /* Project object */;
}
